
Microsoft Visual Studio Solution File, Format Version 12.00
# Visual Studio 15
VisualStudioVersion = 15.0.28307.1000
MinimumVisualStudioVersion = 10.0.40219.1
Project("{FAE04EC0-301F-11D3-BF4B-00C04F79EFBC}") = "LunarLander", "LunarLander\LunarLander.csproj", "{67F01BC6-FCDA-45D5-9A5D-B58F5E341708}"
EndProject
Global
	GlobalSection(SolutionConfigurationPlatforms) = preSolution
		Debug|Any CPU = Debug|Any CPU
		Release|Any CPU = Release|Any CPU
	EndGlobalSection
	GlobalSection(ProjectConfigurationPlatforms) = postSolution
		{67F01BC6-FCDA-45D5-9A5D-B58F5E341708}.Debug|Any CPU.ActiveCfg = Debug|Any CPU
		{67F01BC6-FCDA-45D5-9A5D-B58F5E341708}.Debug|Any CPU.Build.0 = Debug|Any CPU
		{67F01BC6-FCDA-45D5-9A5D-B58F5E341708}.Release|Any CPU.ActiveCfg = Release|Any CPU
		{67F01BC6-FCDA-45D5-9A5D-B58F5E341708}.Release|Any CPU.Build.0 = Release|Any CPU
	EndGlobalSection
	GlobalSection(SolutionProperties) = preSolution
		HideSolutionNode = FALSE
	EndGlobalSection
	GlobalSection(ExtensibilityGlobals) = postSolution
		SolutionGuid = {05F43930-2D98-48FD-9311-D7291C751289}
	EndGlobalSection
EndGlobal
